
Microsoft Visual Studio Solution File, Format Version 12.00
# Visual Studio Version 16
VisualStudioVersion = 16.0.30011.22
MinimumVisualStudioVersion = 10.0.40219.1
Project("{FAE04EC0-301F-11D3-BF4B-00C04F79EFBC}") = "HelloWorldFunctionApp", "HelloWorldFunctionApp.csproj", "{50C7592D-6051-486B-A4BA-C7258EC71977}"
EndProject
Global
	GlobalSection(SolutionConfigurationPlatforms) = preSolution
		Debug|Any CPU = Debug|Any CPU
		Release|Any CPU = Release|Any CPU
	EndGlobalSection
	GlobalSection(ProjectConfigurationPlatforms) = postSolution
		{50C7592D-6051-486B-A4BA-C7258EC71977}.Debug|Any CPU.ActiveCfg = Debug|Any CPU
		{50C7592D-6051-486B-A4BA-C7258EC71977}.Debug|Any CPU.Build.0 = Debug|Any CPU
		{50C7592D-6051-486B-A4BA-C7258EC71977}.Release|Any CPU.ActiveCfg = Release|Any CPU
		{50C7592D-6051-486B-A4BA-C7258EC71977}.Release|Any CPU.Build.0 = Release|Any CPU
	EndGlobalSection
	GlobalSection(SolutionProperties) = preSolution
		HideSolutionNode = FALSE
	EndGlobalSection
	GlobalSection(ExtensibilityGlobals) = postSolution
		SolutionGuid = {0F597E2A-9300-4250-A6AA-1F45AB98F3CC}
	EndGlobalSection
EndGlobal
