
Microsoft Visual Studio Solution File, Format Version 12.00
# Visual Studio 15
VisualStudioVersion = 15.0.27428.2015
MinimumVisualStudioVersion = 10.0.40219.1
Project("{FAE04EC0-301F-11D3-BF4B-00C04F79EFBC}") = "InternalService", "InternalService\InternalService.csproj", "{81ADDA12-ADCF-40E0-9249-6E129E7F535C}"
EndProject
Project("{FAE04EC0-301F-11D3-BF4B-00C04F79EFBC}") = "AngularClient", "AngularClient\AngularClient.csproj", "{168DBE95-3AD7-4EDC-A601-E64DDC80BC2D}"
EndProject
Project("{FAE04EC0-301F-11D3-BF4B-00C04F79EFBC}") = "FrontEndWCFService", "FrontEndWCFService\FrontEndWCFService.csproj", "{CA4B97B3-AB7D-41F8-8B7F-9FB34929327B}"
EndProject
Project("{FAE04EC0-301F-11D3-BF4B-00C04F79EFBC}") = "DesktopClient", "DesktopClient\DesktopClient.csproj", "{73EA2278-E16A-42CF-8E2D-C5DAC0DB6F5D}"
EndProject
Global
	GlobalSection(SolutionConfigurationPlatforms) = preSolution
		Debug|Any CPU = Debug|Any CPU
		Release|Any CPU = Release|Any CPU
	EndGlobalSection
	GlobalSection(ProjectConfigurationPlatforms) = postSolution
		{81ADDA12-ADCF-40E0-9249-6E129E7F535C}.Debug|Any CPU.ActiveCfg = Debug|Any CPU
		{81ADDA12-ADCF-40E0-9249-6E129E7F535C}.Debug|Any CPU.Build.0 = Debug|Any CPU
		{81ADDA12-ADCF-40E0-9249-6E129E7F535C}.Release|Any CPU.ActiveCfg = Release|Any CPU
		{81ADDA12-ADCF-40E0-9249-6E129E7F535C}.Release|Any CPU.Build.0 = Release|Any CPU
		{168DBE95-3AD7-4EDC-A601-E64DDC80BC2D}.Debug|Any CPU.ActiveCfg = Debug|Any CPU
		{168DBE95-3AD7-4EDC-A601-E64DDC80BC2D}.Debug|Any CPU.Build.0 = Debug|Any CPU
		{168DBE95-3AD7-4EDC-A601-E64DDC80BC2D}.Release|Any CPU.ActiveCfg = Release|Any CPU
		{168DBE95-3AD7-4EDC-A601-E64DDC80BC2D}.Release|Any CPU.Build.0 = Release|Any CPU
		{CA4B97B3-AB7D-41F8-8B7F-9FB34929327B}.Debug|Any CPU.ActiveCfg = Debug|Any CPU
		{CA4B97B3-AB7D-41F8-8B7F-9FB34929327B}.Debug|Any CPU.Build.0 = Debug|Any CPU
		{CA4B97B3-AB7D-41F8-8B7F-9FB34929327B}.Release|Any CPU.ActiveCfg = Release|Any CPU
		{CA4B97B3-AB7D-41F8-8B7F-9FB34929327B}.Release|Any CPU.Build.0 = Release|Any CPU
		{73EA2278-E16A-42CF-8E2D-C5DAC0DB6F5D}.Debug|Any CPU.ActiveCfg = Debug|Any CPU
		{73EA2278-E16A-42CF-8E2D-C5DAC0DB6F5D}.Debug|Any CPU.Build.0 = Debug|Any CPU
		{73EA2278-E16A-42CF-8E2D-C5DAC0DB6F5D}.Release|Any CPU.ActiveCfg = Release|Any CPU
		{73EA2278-E16A-42CF-8E2D-C5DAC0DB6F5D}.Release|Any CPU.Build.0 = Release|Any CPU
	EndGlobalSection
	GlobalSection(SolutionProperties) = preSolution
		HideSolutionNode = FALSE
	EndGlobalSection
	GlobalSection(ExtensibilityGlobals) = postSolution
		SolutionGuid = {F4797953-06FD-4181-AE53-69D4F4174B0F}
	EndGlobalSection
EndGlobal
